
Microsoft Visual Studio Solution File, Format Version 12.00
# Visual Studio Version 17
VisualStudioVersion = 17.12.35527.113 d17.12
MinimumVisualStudioVersion = 10.0.40219.1
Project("{FAE04EC0-301F-11D3-BF4B-00C04F79EFBC}") = "AppIngles.Application", "AppIngles.Application\AppIngles.Application.csproj", "{EBB54C78-85A5-4DDA-90CF-E8ABC3F5F7A2}"
EndProject
Project("{FAE04EC0-301F-11D3-BF4B-00C04F79EFBC}") = "AppIngles.Domain", "AppIngles.Domain\AppIngles.Domain.csproj", "{01D560B2-05F5-4794-A972-F54E802736C0}"
EndProject
Project("{FAE04EC0-301F-11D3-BF4B-00C04F79EFBC}") = "AppIngles.Data", "AppIngles.Data\AppIngles.Data.csproj", "{2C1D00B1-4D74-49AD-8374-597B6723052A}"
EndProject
Project("{FAE04EC0-301F-11D3-BF4B-00C04F79EFBC}") = "AppIngles.CrossCutting", "AppIngles.CrossCutting\AppIngles.CrossCutting.csproj", "{342704C0-6FF6-45D3-BC80-22EF88096F50}"
EndProject
Project("{FAE04EC0-301F-11D3-BF4B-00C04F79EFBC}") = "AppIngles.Presentation.API", "AppIngles.Presentation.API\AppIngles.Presentation.API.csproj", "{5928FCCF-44CC-4CBD-B194-3A92F3B1E2EF}"
EndProject
Global
	GlobalSection(SolutionConfigurationPlatforms) = preSolution
		Debug|Any CPU = Debug|Any CPU
		Release|Any CPU = Release|Any CPU
	EndGlobalSection
	GlobalSection(ProjectConfigurationPlatforms) = postSolution
		{EBB54C78-85A5-4DDA-90CF-E8ABC3F5F7A2}.Debug|Any CPU.ActiveCfg = Debug|Any CPU
		{EBB54C78-85A5-4DDA-90CF-E8ABC3F5F7A2}.Debug|Any CPU.Build.0 = Debug|Any CPU
		{EBB54C78-85A5-4DDA-90CF-E8ABC3F5F7A2}.Release|Any CPU.ActiveCfg = Release|Any CPU
		{EBB54C78-85A5-4DDA-90CF-E8ABC3F5F7A2}.Release|Any CPU.Build.0 = Release|Any CPU
		{01D560B2-05F5-4794-A972-F54E802736C0}.Debug|Any CPU.ActiveCfg = Debug|Any CPU
		{01D560B2-05F5-4794-A972-F54E802736C0}.Debug|Any CPU.Build.0 = Debug|Any CPU
		{01D560B2-05F5-4794-A972-F54E802736C0}.Release|Any CPU.ActiveCfg = Release|Any CPU
		{01D560B2-05F5-4794-A972-F54E802736C0}.Release|Any CPU.Build.0 = Release|Any CPU
		{2C1D00B1-4D74-49AD-8374-597B6723052A}.Debug|Any CPU.ActiveCfg = Debug|Any CPU
		{2C1D00B1-4D74-49AD-8374-597B6723052A}.Debug|Any CPU.Build.0 = Debug|Any CPU
		{2C1D00B1-4D74-49AD-8374-597B6723052A}.Release|Any CPU.ActiveCfg = Release|Any CPU
		{2C1D00B1-4D74-49AD-8374-597B6723052A}.Release|Any CPU.Build.0 = Release|Any CPU
		{342704C0-6FF6-45D3-BC80-22EF88096F50}.Debug|Any CPU.ActiveCfg = Debug|Any CPU
		{342704C0-6FF6-45D3-BC80-22EF88096F50}.Debug|Any CPU.Build.0 = Debug|Any CPU
		{342704C0-6FF6-45D3-BC80-22EF88096F50}.Release|Any CPU.ActiveCfg = Release|Any CPU
		{342704C0-6FF6-45D3-BC80-22EF88096F50}.Release|Any CPU.Build.0 = Release|Any CPU
		{5928FCCF-44CC-4CBD-B194-3A92F3B1E2EF}.Debug|Any CPU.ActiveCfg = Debug|Any CPU
		{5928FCCF-44CC-4CBD-B194-3A92F3B1E2EF}.Debug|Any CPU.Build.0 = Debug|Any CPU
		{5928FCCF-44CC-4CBD-B194-3A92F3B1E2EF}.Release|Any CPU.ActiveCfg = Release|Any CPU
		{5928FCCF-44CC-4CBD-B194-3A92F3B1E2EF}.Release|Any CPU.Build.0 = Release|Any CPU
	EndGlobalSection
	GlobalSection(SolutionProperties) = preSolution
		HideSolutionNode = FALSE
	EndGlobalSection
EndGlobal
